{
  "name": "php-array-reader",
  "version": "1.1.0",
  "lockfileVersion": 1,
  "requires": true,
  "dependencies": {
    "php-parser": {
      "version": "3.0.0-prerelease.8",
      "resolved": "https://registry.npmjs.org/php-parser/-/php-parser-3.0.0-prerelease.8.tgz",
      "integrity": "sha512-sVMPsnPd3q7kf1vs0VUROo71Klcs6s7Ho5TSMcBcI8Qg5VuVMaM5far36E4qaYTH8SW+2Tquv5RuU7e8+jfjIw=="
    }
  }
}
